
Microsoft Visual Studio Solution File, Format Version 12.00
# Visual Studio Version 16
VisualStudioVersion = 16.0.28822.285
MinimumVisualStudioVersion = 10.0.40219.1
Project("{FAE04EC0-301F-11D3-BF4B-00C04F79EFBC}") = "QuickLook.CrawlerEngine", "QuickLook.CrawlerEngine\QuickLook.CrawlerEngine.csproj", "{508CC00C-006E-41FF-9C5D-AFFB3452A32A}"
EndProject
Project("{9A19103F-16F7-4668-BE54-9A1E7A4F7556}") = "QuickLook.Web", "QuickLook.Web\QuickLook.Web.csproj", "{D565FA06-4D87-405B-A3AE-BCFB75A7B895}"
EndProject
Project("{9A19103F-16F7-4668-BE54-9A1E7A4F7556}") = "QuickLook.Shared", "QuickLook.Shared\QuickLook.Shared.csproj", "{3FDB23F1-3E83-4C3B-942C-C0B7FA8E0F05}"
EndProject
Project("{FAE04EC0-301F-11D3-BF4B-00C04F79EFBC}") = "QuickLook.ElasticsearchService", "QuickLook.ElasticsearchService\QuickLook.ElasticsearchService.csproj", "{E60FE663-EB2B-4767-90A1-6237B2949E36}"
EndProject
Project("{9A19103F-16F7-4668-BE54-9A1E7A4F7556}") = "QuickLook.WebApi", "QuickLook.WebApi\QuickLook.WebApi.csproj", "{5916B6A8-DF38-433C-9872-66CA705083BC}"
EndProject
Project("{FAE04EC0-301F-11D3-BF4B-00C04F79EFBC}") = "QuickLook.RelationalDbService", "QuickLook.RelationalDbService\QuickLook.RelationalDbService.csproj", "{18F9A42F-CE06-44BB-9541-2871D2F406EA}"
EndProject
Global
	GlobalSection(SolutionConfigurationPlatforms) = preSolution
		Debug|Any CPU = Debug|Any CPU
		Release|Any CPU = Release|Any CPU
	EndGlobalSection
	GlobalSection(ProjectConfigurationPlatforms) = postSolution
		{508CC00C-006E-41FF-9C5D-AFFB3452A32A}.Debug|Any CPU.ActiveCfg = Debug|Any CPU
		{508CC00C-006E-41FF-9C5D-AFFB3452A32A}.Debug|Any CPU.Build.0 = Debug|Any CPU
		{508CC00C-006E-41FF-9C5D-AFFB3452A32A}.Release|Any CPU.ActiveCfg = Release|Any CPU
		{508CC00C-006E-41FF-9C5D-AFFB3452A32A}.Release|Any CPU.Build.0 = Release|Any CPU
		{D565FA06-4D87-405B-A3AE-BCFB75A7B895}.Debug|Any CPU.ActiveCfg = Debug|Any CPU
		{D565FA06-4D87-405B-A3AE-BCFB75A7B895}.Debug|Any CPU.Build.0 = Debug|Any CPU
		{D565FA06-4D87-405B-A3AE-BCFB75A7B895}.Release|Any CPU.ActiveCfg = Release|Any CPU
		{D565FA06-4D87-405B-A3AE-BCFB75A7B895}.Release|Any CPU.Build.0 = Release|Any CPU
		{3FDB23F1-3E83-4C3B-942C-C0B7FA8E0F05}.Debug|Any CPU.ActiveCfg = Debug|Any CPU
		{3FDB23F1-3E83-4C3B-942C-C0B7FA8E0F05}.Debug|Any CPU.Build.0 = Debug|Any CPU
		{3FDB23F1-3E83-4C3B-942C-C0B7FA8E0F05}.Release|Any CPU.ActiveCfg = Release|Any CPU
		{3FDB23F1-3E83-4C3B-942C-C0B7FA8E0F05}.Release|Any CPU.Build.0 = Release|Any CPU
		{E60FE663-EB2B-4767-90A1-6237B2949E36}.Debug|Any CPU.ActiveCfg = Debug|Any CPU
		{E60FE663-EB2B-4767-90A1-6237B2949E36}.Debug|Any CPU.Build.0 = Debug|Any CPU
		{E60FE663-EB2B-4767-90A1-6237B2949E36}.Release|Any CPU.ActiveCfg = Release|Any CPU
		{E60FE663-EB2B-4767-90A1-6237B2949E36}.Release|Any CPU.Build.0 = Release|Any CPU
		{5916B6A8-DF38-433C-9872-66CA705083BC}.Debug|Any CPU.ActiveCfg = Debug|Any CPU
		{5916B6A8-DF38-433C-9872-66CA705083BC}.Debug|Any CPU.Build.0 = Debug|Any CPU
		{5916B6A8-DF38-433C-9872-66CA705083BC}.Release|Any CPU.ActiveCfg = Release|Any CPU
		{5916B6A8-DF38-433C-9872-66CA705083BC}.Release|Any CPU.Build.0 = Release|Any CPU
		{18F9A42F-CE06-44BB-9541-2871D2F406EA}.Debug|Any CPU.ActiveCfg = Debug|Any CPU
		{18F9A42F-CE06-44BB-9541-2871D2F406EA}.Debug|Any CPU.Build.0 = Debug|Any CPU
		{18F9A42F-CE06-44BB-9541-2871D2F406EA}.Release|Any CPU.ActiveCfg = Release|Any CPU
		{18F9A42F-CE06-44BB-9541-2871D2F406EA}.Release|Any CPU.Build.0 = Release|Any CPU
	EndGlobalSection
	GlobalSection(SolutionProperties) = preSolution
		HideSolutionNode = FALSE
	EndGlobalSection
	GlobalSection(ExtensibilityGlobals) = postSolution
		SolutionGuid = {C77DB355-EC43-412A-8C8A-7064518FEE6C}
	EndGlobalSection
EndGlobal
