
Microsoft Visual Studio Solution File, Format Version 12.00
# Visual Studio 15
VisualStudioVersion = 15.0.28010.2036
MinimumVisualStudioVersion = 10.0.40219.1
Project("{FAE04EC0-301F-11D3-BF4B-00C04F79EFBC}") = "RawDotNetSpider", "RawDotNetSpider\RawDotNetSpider.csproj", "{508CC00C-006E-41FF-9C5D-AFFB3452A32A}"
EndProject
Global
	GlobalSection(SolutionConfigurationPlatforms) = preSolution
		Debug|Any CPU = Debug|Any CPU
		Release|Any CPU = Release|Any CPU
	EndGlobalSection
	GlobalSection(ProjectConfigurationPlatforms) = postSolution
		{508CC00C-006E-41FF-9C5D-AFFB3452A32A}.Debug|Any CPU.ActiveCfg = Debug|Any CPU
		{508CC00C-006E-41FF-9C5D-AFFB3452A32A}.Debug|Any CPU.Build.0 = Debug|Any CPU
		{508CC00C-006E-41FF-9C5D-AFFB3452A32A}.Release|Any CPU.ActiveCfg = Release|Any CPU
		{508CC00C-006E-41FF-9C5D-AFFB3452A32A}.Release|Any CPU.Build.0 = Release|Any CPU
	EndGlobalSection
	GlobalSection(SolutionProperties) = preSolution
		HideSolutionNode = FALSE
	EndGlobalSection
	GlobalSection(ExtensibilityGlobals) = postSolution
		SolutionGuid = {C77DB355-EC43-412A-8C8A-7064518FEE6C}
	EndGlobalSection
EndGlobal
